
Microsoft Visual Studio Solution File, Format Version 11.00
# Visual Studio 2010
Project("{FAE04EC0-301F-11D3-BF4B-00C04F79EFBC}") = "CSharpTest", "CSharpTest\CSharpTest.csproj", "{0C6E5E35-9AF9-49EC-9431-8958B3FB3716}"
EndProject
Project("{FAE04EC0-301F-11D3-BF4B-00C04F79EFBC}") = "cadObjArx", "cadObjArx\cadObjArx.csproj", "{1107FE0D-48AE-48FE-95D4-EA8B32771DCD}"
EndProject
Project("{FAE04EC0-301F-11D3-BF4B-00C04F79EFBC}") = "tcpserverTest", "tcpserverTest\tcpserverTest.csproj", "{81E51B7E-EE6C-4846-BCB4-5738E8A888CC}"
EndProject
Project("{FAE04EC0-301F-11D3-BF4B-00C04F79EFBC}") = "WinDraw", "WinDraw\WinDraw.csproj", "{0D7EA531-6C72-42ED-B504-F3000BD5B868}"
EndProject
Project("{FAE04EC0-301F-11D3-BF4B-00C04F79EFBC}") = "CAccess", "CAccess\CAccess.csproj", "{2BAA60FD-E3CF-487E-AE20-3D30599D7C38}"
EndProject
Project("{FAE04EC0-301F-11D3-BF4B-00C04F79EFBC}") = "DataTrans", "DataTrans\DataTrans.csproj", "{B5AA8E40-8D91-4928-AE0A-422CA2A68774}"
EndProject
Global
	GlobalSection(SolutionConfigurationPlatforms) = preSolution
		Debug|Any CPU = Debug|Any CPU
		Debug|x86 = Debug|x86
		Release|Any CPU = Release|Any CPU
		Release|x86 = Release|x86
	EndGlobalSection
	GlobalSection(ProjectConfigurationPlatforms) = postSolution
		{0C6E5E35-9AF9-49EC-9431-8958B3FB3716}.Debug|Any CPU.ActiveCfg = Debug|x86
		{0C6E5E35-9AF9-49EC-9431-8958B3FB3716}.Debug|x86.ActiveCfg = Debug|x86
		{0C6E5E35-9AF9-49EC-9431-8958B3FB3716}.Debug|x86.Build.0 = Debug|x86
		{0C6E5E35-9AF9-49EC-9431-8958B3FB3716}.Release|Any CPU.ActiveCfg = Release|x86
		{0C6E5E35-9AF9-49EC-9431-8958B3FB3716}.Release|x86.ActiveCfg = Release|x86
		{0C6E5E35-9AF9-49EC-9431-8958B3FB3716}.Release|x86.Build.0 = Release|x86
		{1107FE0D-48AE-48FE-95D4-EA8B32771DCD}.Debug|Any CPU.ActiveCfg = Debug|Any CPU
		{1107FE0D-48AE-48FE-95D4-EA8B32771DCD}.Debug|Any CPU.Build.0 = Debug|Any CPU
		{1107FE0D-48AE-48FE-95D4-EA8B32771DCD}.Debug|x86.ActiveCfg = Debug|x86
		{1107FE0D-48AE-48FE-95D4-EA8B32771DCD}.Debug|x86.Build.0 = Debug|x86
		{1107FE0D-48AE-48FE-95D4-EA8B32771DCD}.Release|Any CPU.ActiveCfg = Release|Any CPU
		{1107FE0D-48AE-48FE-95D4-EA8B32771DCD}.Release|Any CPU.Build.0 = Release|Any CPU
		{1107FE0D-48AE-48FE-95D4-EA8B32771DCD}.Release|x86.ActiveCfg = Release|x86
		{1107FE0D-48AE-48FE-95D4-EA8B32771DCD}.Release|x86.Build.0 = Release|x86
		{81E51B7E-EE6C-4846-BCB4-5738E8A888CC}.Debug|Any CPU.ActiveCfg = Debug|x86
		{81E51B7E-EE6C-4846-BCB4-5738E8A888CC}.Debug|x86.ActiveCfg = Debug|x86
		{81E51B7E-EE6C-4846-BCB4-5738E8A888CC}.Debug|x86.Build.0 = Debug|x86
		{81E51B7E-EE6C-4846-BCB4-5738E8A888CC}.Release|Any CPU.ActiveCfg = Release|x86
		{81E51B7E-EE6C-4846-BCB4-5738E8A888CC}.Release|x86.ActiveCfg = Release|x86
		{81E51B7E-EE6C-4846-BCB4-5738E8A888CC}.Release|x86.Build.0 = Release|x86
		{0D7EA531-6C72-42ED-B504-F3000BD5B868}.Debug|Any CPU.ActiveCfg = Debug|x86
		{0D7EA531-6C72-42ED-B504-F3000BD5B868}.Debug|x86.ActiveCfg = Debug|x86
		{0D7EA531-6C72-42ED-B504-F3000BD5B868}.Debug|x86.Build.0 = Debug|x86
		{0D7EA531-6C72-42ED-B504-F3000BD5B868}.Release|Any CPU.ActiveCfg = Release|x86
		{0D7EA531-6C72-42ED-B504-F3000BD5B868}.Release|x86.ActiveCfg = Release|x86
		{0D7EA531-6C72-42ED-B504-F3000BD5B868}.Release|x86.Build.0 = Release|x86
		{2BAA60FD-E3CF-487E-AE20-3D30599D7C38}.Debug|Any CPU.ActiveCfg = Debug|x86
		{2BAA60FD-E3CF-487E-AE20-3D30599D7C38}.Debug|x86.ActiveCfg = Debug|x86
		{2BAA60FD-E3CF-487E-AE20-3D30599D7C38}.Debug|x86.Build.0 = Debug|x86
		{2BAA60FD-E3CF-487E-AE20-3D30599D7C38}.Release|Any CPU.ActiveCfg = Release|x86
		{2BAA60FD-E3CF-487E-AE20-3D30599D7C38}.Release|x86.ActiveCfg = Release|x86
		{2BAA60FD-E3CF-487E-AE20-3D30599D7C38}.Release|x86.Build.0 = Release|x86
		{B5AA8E40-8D91-4928-AE0A-422CA2A68774}.Debug|Any CPU.ActiveCfg = Debug|x86
		{B5AA8E40-8D91-4928-AE0A-422CA2A68774}.Debug|x86.ActiveCfg = Debug|x86
		{B5AA8E40-8D91-4928-AE0A-422CA2A68774}.Debug|x86.Build.0 = Debug|x86
		{B5AA8E40-8D91-4928-AE0A-422CA2A68774}.Release|Any CPU.ActiveCfg = Release|x86
		{B5AA8E40-8D91-4928-AE0A-422CA2A68774}.Release|x86.ActiveCfg = Release|x86
		{B5AA8E40-8D91-4928-AE0A-422CA2A68774}.Release|x86.Build.0 = Release|x86
	EndGlobalSection
	GlobalSection(SolutionProperties) = preSolution
		HideSolutionNode = FALSE
	EndGlobalSection
	GlobalSection(ExtensibilityGlobals) = postSolution
		VisualSVNWorkingCopyRoot = .
	EndGlobalSection
EndGlobal
